
Microsoft Visual Studio Solution File, Format Version 12.00
# Visual Studio 14
VisualStudioVersion = 14.0.23107.0
MinimumVisualStudioVersion = 10.0.40219.1
Project("{FAE04EC0-301F-11D3-BF4B-00C04F79EFBC}") = "环境卫星效能评估系统", "遥感卫星系统性能评估\环境卫星效能评估系统.csproj", "{EB5FF2B4-A7F4-4948-AB4B-917346DD6F5C}"
EndProject
Global
	GlobalSection(SolutionConfigurationPlatforms) = preSolution
		Debug|Any CPU = Debug|Any CPU
		Release|Any CPU = Release|Any CPU
	EndGlobalSection
	GlobalSection(ProjectConfigurationPlatforms) = postSolution
		{EB5FF2B4-A7F4-4948-AB4B-917346DD6F5C}.Debug|Any CPU.ActiveCfg = Debug|Any CPU
		{EB5FF2B4-A7F4-4948-AB4B-917346DD6F5C}.Debug|Any CPU.Build.0 = Debug|Any CPU
		{EB5FF2B4-A7F4-4948-AB4B-917346DD6F5C}.Release|Any CPU.ActiveCfg = Release|Any CPU
		{EB5FF2B4-A7F4-4948-AB4B-917346DD6F5C}.Release|Any CPU.Build.0 = Release|Any CPU
	EndGlobalSection
	GlobalSection(SolutionProperties) = preSolution
		HideSolutionNode = FALSE
	EndGlobalSection
EndGlobal
